
Microsoft Visual Studio Solution File, Format Version 12.00
# Visual Studio 15
VisualStudioVersion = 15.0.27130.2010
MinimumVisualStudioVersion = 10.0.40219.1
Project("{8BC9CEB8-8B4A-11D0-8D11-00A0C91BC942}") = "Proj_CPP", "Proj_CPP\Proj_CPP.vcxproj", "{A0BBDEE2-0E32-44D8-BF11-C3E94DF39524}"
EndProject
Global
	GlobalSection(SolutionConfigurationPlatforms) = preSolution
		Debug|x64 = Debug|x64
		Debug|x86 = Debug|x86
		Release|x64 = Release|x64
		Release|x86 = Release|x86
	EndGlobalSection
	GlobalSection(ProjectConfigurationPlatforms) = postSolution
		{A0BBDEE2-0E32-44D8-BF11-C3E94DF39524}.Debug|x64.ActiveCfg = Debug|x64
		{A0BBDEE2-0E32-44D8-BF11-C3E94DF39524}.Debug|x64.Build.0 = Debug|x64
		{A0BBDEE2-0E32-44D8-BF11-C3E94DF39524}.Debug|x86.ActiveCfg = Debug|Win32
		{A0BBDEE2-0E32-44D8-BF11-C3E94DF39524}.Debug|x86.Build.0 = Debug|Win32
		{A0BBDEE2-0E32-44D8-BF11-C3E94DF39524}.Release|x64.ActiveCfg = Release|x64
		{A0BBDEE2-0E32-44D8-BF11-C3E94DF39524}.Release|x64.Build.0 = Release|x64
		{A0BBDEE2-0E32-44D8-BF11-C3E94DF39524}.Release|x86.ActiveCfg = Release|Win32
		{A0BBDEE2-0E32-44D8-BF11-C3E94DF39524}.Release|x86.Build.0 = Release|Win32
	EndGlobalSection
	GlobalSection(SolutionProperties) = preSolution
		HideSolutionNode = FALSE
	EndGlobalSection
	GlobalSection(ExtensibilityGlobals) = postSolution
		SolutionGuid = {024B3319-1D28-4558-B8C6-6803989D01FD}
	EndGlobalSection
EndGlobal
